
Microsoft Visual Studio Solution File, Format Version 12.00
# Visual Studio 15
VisualStudioVersion = 15.0.26124.0
MinimumVisualStudioVersion = 15.0.26124.0
Project("{2150E333-8FDC-42A3-9474-1A3956D46DE8}") = "src", "src", "{6DBD1334-F635-416C-92B7-1438C0D5F948}"
EndProject
Project("{FAE04EC0-301F-11D3-BF4B-00C04F79EFBC}") = "GradeBook", "src\GradeBook\GradeBook.csproj", "{6CBF01DC-1213-4493-B4C1-CF2EF4C18A02}"
EndProject
Project("{2150E333-8FDC-42A3-9474-1A3956D46DE8}") = "test", "test", "{3867448E-484F-4A15-896D-B22FA97690FA}"
EndProject
Project("{FAE04EC0-301F-11D3-BF4B-00C04F79EFBC}") = "GradeBook.Tests", "test\GradeBook.Tests\GradeBook.Tests.csproj", "{DADD77FC-217E-4080-AE56-D1FCFB35F688}"
EndProject
Global
	GlobalSection(SolutionConfigurationPlatforms) = preSolution
		Debug|Any CPU = Debug|Any CPU
		Debug|x64 = Debug|x64
		Debug|x86 = Debug|x86
		Release|Any CPU = Release|Any CPU
		Release|x64 = Release|x64
		Release|x86 = Release|x86
	EndGlobalSection
	GlobalSection(SolutionProperties) = preSolution
		HideSolutionNode = FALSE
	EndGlobalSection
	GlobalSection(ProjectConfigurationPlatforms) = postSolution
		{6CBF01DC-1213-4493-B4C1-CF2EF4C18A02}.Debug|Any CPU.ActiveCfg = Debug|Any CPU
		{6CBF01DC-1213-4493-B4C1-CF2EF4C18A02}.Debug|Any CPU.Build.0 = Debug|Any CPU
		{6CBF01DC-1213-4493-B4C1-CF2EF4C18A02}.Debug|x64.ActiveCfg = Debug|Any CPU
		{6CBF01DC-1213-4493-B4C1-CF2EF4C18A02}.Debug|x64.Build.0 = Debug|Any CPU
		{6CBF01DC-1213-4493-B4C1-CF2EF4C18A02}.Debug|x86.ActiveCfg = Debug|Any CPU
		{6CBF01DC-1213-4493-B4C1-CF2EF4C18A02}.Debug|x86.Build.0 = Debug|Any CPU
		{6CBF01DC-1213-4493-B4C1-CF2EF4C18A02}.Release|Any CPU.ActiveCfg = Release|Any CPU
		{6CBF01DC-1213-4493-B4C1-CF2EF4C18A02}.Release|Any CPU.Build.0 = Release|Any CPU
		{6CBF01DC-1213-4493-B4C1-CF2EF4C18A02}.Release|x64.ActiveCfg = Release|Any CPU
		{6CBF01DC-1213-4493-B4C1-CF2EF4C18A02}.Release|x64.Build.0 = Release|Any CPU
		{6CBF01DC-1213-4493-B4C1-CF2EF4C18A02}.Release|x86.ActiveCfg = Release|Any CPU
		{6CBF01DC-1213-4493-B4C1-CF2EF4C18A02}.Release|x86.Build.0 = Release|Any CPU
		{DADD77FC-217E-4080-AE56-D1FCFB35F688}.Debug|Any CPU.ActiveCfg = Debug|Any CPU
		{DADD77FC-217E-4080-AE56-D1FCFB35F688}.Debug|Any CPU.Build.0 = Debug|Any CPU
		{DADD77FC-217E-4080-AE56-D1FCFB35F688}.Debug|x64.ActiveCfg = Debug|Any CPU
		{DADD77FC-217E-4080-AE56-D1FCFB35F688}.Debug|x64.Build.0 = Debug|Any CPU
		{DADD77FC-217E-4080-AE56-D1FCFB35F688}.Debug|x86.ActiveCfg = Debug|Any CPU
		{DADD77FC-217E-4080-AE56-D1FCFB35F688}.Debug|x86.Build.0 = Debug|Any CPU
		{DADD77FC-217E-4080-AE56-D1FCFB35F688}.Release|Any CPU.ActiveCfg = Release|Any CPU
		{DADD77FC-217E-4080-AE56-D1FCFB35F688}.Release|Any CPU.Build.0 = Release|Any CPU
		{DADD77FC-217E-4080-AE56-D1FCFB35F688}.Release|x64.ActiveCfg = Release|Any CPU
		{DADD77FC-217E-4080-AE56-D1FCFB35F688}.Release|x64.Build.0 = Release|Any CPU
		{DADD77FC-217E-4080-AE56-D1FCFB35F688}.Release|x86.ActiveCfg = Release|Any CPU
		{DADD77FC-217E-4080-AE56-D1FCFB35F688}.Release|x86.Build.0 = Release|Any CPU
	EndGlobalSection
	GlobalSection(NestedProjects) = preSolution
		{6CBF01DC-1213-4493-B4C1-CF2EF4C18A02} = {6DBD1334-F635-416C-92B7-1438C0D5F948}
		{DADD77FC-217E-4080-AE56-D1FCFB35F688} = {3867448E-484F-4A15-896D-B22FA97690FA}
	EndGlobalSection
EndGlobal
